
Microsoft Visual Studio Solution File, Format Version 12.00
# Visual Studio Version 16
VisualStudioVersion = 16.0.29102.190
MinimumVisualStudioVersion = 10.0.40219.1
Project("{9A19103F-16F7-4668-BE54-9A1E7A4F7556}") = "WeatherConsole.Application", "src\MetaWeatherConsole\WeatherConsole.Application.csproj", "{DC6F260F-0320-4F5E-A9F2-B808BB22DCD1}"
EndProject
Project("{FAE04EC0-301F-11D3-BF4B-00C04F79EFBC}") = "WeatherConsole.Infrastructure", "src\WeatherConsole.Infrastructure\WeatherConsole.Infrastructure.csproj", "{EDE91403-7F8C-474B-B2EF-77B8CB1CCC18}"
EndProject
Project("{FAE04EC0-301F-11D3-BF4B-00C04F79EFBC}") = "WeatherConsole.Core", "src\WeatherConsole.Core\WeatherConsole.Core.csproj", "{07B0CBE0-599D-4143-8D21-B62D4BFA39FA}"
EndProject
Global
	GlobalSection(SolutionConfigurationPlatforms) = preSolution
		Debug|Any CPU = Debug|Any CPU
		Release|Any CPU = Release|Any CPU
	EndGlobalSection
	GlobalSection(ProjectConfigurationPlatforms) = postSolution
		{DC6F260F-0320-4F5E-A9F2-B808BB22DCD1}.Debug|Any CPU.ActiveCfg = Debug|Any CPU
		{DC6F260F-0320-4F5E-A9F2-B808BB22DCD1}.Debug|Any CPU.Build.0 = Debug|Any CPU
		{DC6F260F-0320-4F5E-A9F2-B808BB22DCD1}.Release|Any CPU.ActiveCfg = Release|Any CPU
		{DC6F260F-0320-4F5E-A9F2-B808BB22DCD1}.Release|Any CPU.Build.0 = Release|Any CPU
		{EDE91403-7F8C-474B-B2EF-77B8CB1CCC18}.Debug|Any CPU.ActiveCfg = Debug|Any CPU
		{EDE91403-7F8C-474B-B2EF-77B8CB1CCC18}.Debug|Any CPU.Build.0 = Debug|Any CPU
		{EDE91403-7F8C-474B-B2EF-77B8CB1CCC18}.Release|Any CPU.ActiveCfg = Release|Any CPU
		{EDE91403-7F8C-474B-B2EF-77B8CB1CCC18}.Release|Any CPU.Build.0 = Release|Any CPU
		{07B0CBE0-599D-4143-8D21-B62D4BFA39FA}.Debug|Any CPU.ActiveCfg = Debug|Any CPU
		{07B0CBE0-599D-4143-8D21-B62D4BFA39FA}.Debug|Any CPU.Build.0 = Debug|Any CPU
		{07B0CBE0-599D-4143-8D21-B62D4BFA39FA}.Release|Any CPU.ActiveCfg = Release|Any CPU
		{07B0CBE0-599D-4143-8D21-B62D4BFA39FA}.Release|Any CPU.Build.0 = Release|Any CPU
	EndGlobalSection
	GlobalSection(SolutionProperties) = preSolution
		HideSolutionNode = FALSE
	EndGlobalSection
	GlobalSection(ExtensibilityGlobals) = postSolution
		SolutionGuid = {D26D2EE0-D925-45F7-91FC-67538AE3008F}
	EndGlobalSection
EndGlobal
